
Microsoft Visual Studio Solution File, Format Version 12.00
# Visual Studio 14
VisualStudioVersion = 14.0.24720.0
MinimumVisualStudioVersion = 10.0.40219.1
Project("{FAE04EC0-301F-11D3-BF4B-00C04F79EFBC}") = "Greenleaf.Common", "Greenleaf.Common\Greenleaf.Common.csproj", "{7701A0A0-4159-4C7C-8E18-D3179B697ACD}"
EndProject
Project("{FAE04EC0-301F-11D3-BF4B-00C04F79EFBC}") = "Greenleaf.Phone", "Greenleaf.Phone\Greenleaf.Phone.csproj", "{F45EB643-12DF-411C-BEA1-F67A08A56C5A}"
EndProject
Project("{FAE04EC0-301F-11D3-BF4B-00C04F79EFBC}") = "Greenleaf.MVVM", "Greenleaf.MVVM\Greenleaf.MVVM.csproj", "{75026034-185B-4FA0-BF2A-D502F904D2B2}"
EndProject
Project("{FAE04EC0-301F-11D3-BF4B-00C04F79EFBC}") = "Greenleaf.UWP", "Greenleaf.UWP\Greenleaf.UWP.csproj", "{AC2D06E5-C861-4C07-88D6-EF43D8C817EB}"
EndProject
Project("{FAE04EC0-301F-11D3-BF4B-00C04F79EFBC}") = "Greenleaf.Samples.WP81", "Greenleaf.Samples.WP81\Greenleaf.Samples.WP81.csproj", "{9E0F542E-4923-483A-BB7C-B9AEB115CDF9}"
EndProject
Global
	GlobalSection(SolutionConfigurationPlatforms) = preSolution
		Debug|Any CPU = Debug|Any CPU
		Debug|ARM = Debug|ARM
		Debug|x64 = Debug|x64
		Debug|x86 = Debug|x86
		Release|Any CPU = Release|Any CPU
		Release|ARM = Release|ARM
		Release|x64 = Release|x64
		Release|x86 = Release|x86
	EndGlobalSection
	GlobalSection(ProjectConfigurationPlatforms) = postSolution
		{7701A0A0-4159-4C7C-8E18-D3179B697ACD}.Debug|Any CPU.ActiveCfg = Debug|Any CPU
		{7701A0A0-4159-4C7C-8E18-D3179B697ACD}.Debug|Any CPU.Build.0 = Debug|Any CPU
		{7701A0A0-4159-4C7C-8E18-D3179B697ACD}.Debug|ARM.ActiveCfg = Debug|Any CPU
		{7701A0A0-4159-4C7C-8E18-D3179B697ACD}.Debug|ARM.Build.0 = Debug|Any CPU
		{7701A0A0-4159-4C7C-8E18-D3179B697ACD}.Debug|x64.ActiveCfg = Debug|Any CPU
		{7701A0A0-4159-4C7C-8E18-D3179B697ACD}.Debug|x64.Build.0 = Debug|Any CPU
		{7701A0A0-4159-4C7C-8E18-D3179B697ACD}.Debug|x86.ActiveCfg = Debug|Any CPU
		{7701A0A0-4159-4C7C-8E18-D3179B697ACD}.Debug|x86.Build.0 = Debug|Any CPU
		{7701A0A0-4159-4C7C-8E18-D3179B697ACD}.Release|Any CPU.ActiveCfg = Release|Any CPU
		{7701A0A0-4159-4C7C-8E18-D3179B697ACD}.Release|Any CPU.Build.0 = Release|Any CPU
		{7701A0A0-4159-4C7C-8E18-D3179B697ACD}.Release|ARM.ActiveCfg = Release|Any CPU
		{7701A0A0-4159-4C7C-8E18-D3179B697ACD}.Release|ARM.Build.0 = Release|Any CPU
		{7701A0A0-4159-4C7C-8E18-D3179B697ACD}.Release|x64.ActiveCfg = Release|Any CPU
		{7701A0A0-4159-4C7C-8E18-D3179B697ACD}.Release|x64.Build.0 = Release|Any CPU
		{7701A0A0-4159-4C7C-8E18-D3179B697ACD}.Release|x86.ActiveCfg = Release|Any CPU
		{7701A0A0-4159-4C7C-8E18-D3179B697ACD}.Release|x86.Build.0 = Release|Any CPU
		{F45EB643-12DF-411C-BEA1-F67A08A56C5A}.Debug|Any CPU.ActiveCfg = Debug|Any CPU
		{F45EB643-12DF-411C-BEA1-F67A08A56C5A}.Debug|Any CPU.Build.0 = Debug|Any CPU
		{F45EB643-12DF-411C-BEA1-F67A08A56C5A}.Debug|ARM.ActiveCfg = Debug|ARM
		{F45EB643-12DF-411C-BEA1-F67A08A56C5A}.Debug|ARM.Build.0 = Debug|ARM
		{F45EB643-12DF-411C-BEA1-F67A08A56C5A}.Debug|x64.ActiveCfg = Debug|Any CPU
		{F45EB643-12DF-411C-BEA1-F67A08A56C5A}.Debug|x64.Build.0 = Debug|Any CPU
		{F45EB643-12DF-411C-BEA1-F67A08A56C5A}.Debug|x86.ActiveCfg = Debug|x86
		{F45EB643-12DF-411C-BEA1-F67A08A56C5A}.Debug|x86.Build.0 = Debug|x86
		{F45EB643-12DF-411C-BEA1-F67A08A56C5A}.Release|Any CPU.ActiveCfg = Release|Any CPU
		{F45EB643-12DF-411C-BEA1-F67A08A56C5A}.Release|Any CPU.Build.0 = Release|Any CPU
		{F45EB643-12DF-411C-BEA1-F67A08A56C5A}.Release|ARM.ActiveCfg = Release|ARM
		{F45EB643-12DF-411C-BEA1-F67A08A56C5A}.Release|ARM.Build.0 = Release|ARM
		{F45EB643-12DF-411C-BEA1-F67A08A56C5A}.Release|x64.ActiveCfg = Release|Any CPU
		{F45EB643-12DF-411C-BEA1-F67A08A56C5A}.Release|x64.Build.0 = Release|Any CPU
		{F45EB643-12DF-411C-BEA1-F67A08A56C5A}.Release|x86.ActiveCfg = Release|x86
		{F45EB643-12DF-411C-BEA1-F67A08A56C5A}.Release|x86.Build.0 = Release|x86
		{75026034-185B-4FA0-BF2A-D502F904D2B2}.Debug|Any CPU.ActiveCfg = Debug|Any CPU
		{75026034-185B-4FA0-BF2A-D502F904D2B2}.Debug|Any CPU.Build.0 = Debug|Any CPU
		{75026034-185B-4FA0-BF2A-D502F904D2B2}.Debug|ARM.ActiveCfg = Debug|Any CPU
		{75026034-185B-4FA0-BF2A-D502F904D2B2}.Debug|ARM.Build.0 = Debug|Any CPU
		{75026034-185B-4FA0-BF2A-D502F904D2B2}.Debug|x64.ActiveCfg = Debug|Any CPU
		{75026034-185B-4FA0-BF2A-D502F904D2B2}.Debug|x64.Build.0 = Debug|Any CPU
		{75026034-185B-4FA0-BF2A-D502F904D2B2}.Debug|x86.ActiveCfg = Debug|Any CPU
		{75026034-185B-4FA0-BF2A-D502F904D2B2}.Debug|x86.Build.0 = Debug|Any CPU
		{75026034-185B-4FA0-BF2A-D502F904D2B2}.Release|Any CPU.ActiveCfg = Release|Any CPU
		{75026034-185B-4FA0-BF2A-D502F904D2B2}.Release|Any CPU.Build.0 = Release|Any CPU
		{75026034-185B-4FA0-BF2A-D502F904D2B2}.Release|ARM.ActiveCfg = Release|Any CPU
		{75026034-185B-4FA0-BF2A-D502F904D2B2}.Release|ARM.Build.0 = Release|Any CPU
		{75026034-185B-4FA0-BF2A-D502F904D2B2}.Release|x64.ActiveCfg = Release|Any CPU
		{75026034-185B-4FA0-BF2A-D502F904D2B2}.Release|x64.Build.0 = Release|Any CPU
		{75026034-185B-4FA0-BF2A-D502F904D2B2}.Release|x86.ActiveCfg = Release|Any CPU
		{75026034-185B-4FA0-BF2A-D502F904D2B2}.Release|x86.Build.0 = Release|Any CPU
		{AC2D06E5-C861-4C07-88D6-EF43D8C817EB}.Debug|Any CPU.ActiveCfg = Debug|Any CPU
		{AC2D06E5-C861-4C07-88D6-EF43D8C817EB}.Debug|Any CPU.Build.0 = Debug|Any CPU
		{AC2D06E5-C861-4C07-88D6-EF43D8C817EB}.Debug|ARM.ActiveCfg = Debug|ARM
		{AC2D06E5-C861-4C07-88D6-EF43D8C817EB}.Debug|ARM.Build.0 = Debug|ARM
		{AC2D06E5-C861-4C07-88D6-EF43D8C817EB}.Debug|x64.ActiveCfg = Debug|x64
		{AC2D06E5-C861-4C07-88D6-EF43D8C817EB}.Debug|x64.Build.0 = Debug|x64
		{AC2D06E5-C861-4C07-88D6-EF43D8C817EB}.Debug|x86.ActiveCfg = Debug|x86
		{AC2D06E5-C861-4C07-88D6-EF43D8C817EB}.Debug|x86.Build.0 = Debug|x86
		{AC2D06E5-C861-4C07-88D6-EF43D8C817EB}.Release|Any CPU.ActiveCfg = Release|Any CPU
		{AC2D06E5-C861-4C07-88D6-EF43D8C817EB}.Release|Any CPU.Build.0 = Release|Any CPU
		{AC2D06E5-C861-4C07-88D6-EF43D8C817EB}.Release|ARM.ActiveCfg = Release|ARM
		{AC2D06E5-C861-4C07-88D6-EF43D8C817EB}.Release|ARM.Build.0 = Release|ARM
		{AC2D06E5-C861-4C07-88D6-EF43D8C817EB}.Release|x64.ActiveCfg = Release|x64
		{AC2D06E5-C861-4C07-88D6-EF43D8C817EB}.Release|x64.Build.0 = Release|x64
		{AC2D06E5-C861-4C07-88D6-EF43D8C817EB}.Release|x86.ActiveCfg = Release|x86
		{AC2D06E5-C861-4C07-88D6-EF43D8C817EB}.Release|x86.Build.0 = Release|x86
		{9E0F542E-4923-483A-BB7C-B9AEB115CDF9}.Debug|Any CPU.ActiveCfg = Debug|Any CPU
		{9E0F542E-4923-483A-BB7C-B9AEB115CDF9}.Debug|Any CPU.Build.0 = Debug|Any CPU
		{9E0F542E-4923-483A-BB7C-B9AEB115CDF9}.Debug|Any CPU.Deploy.0 = Debug|Any CPU
		{9E0F542E-4923-483A-BB7C-B9AEB115CDF9}.Debug|ARM.ActiveCfg = Debug|ARM
		{9E0F542E-4923-483A-BB7C-B9AEB115CDF9}.Debug|ARM.Build.0 = Debug|ARM
		{9E0F542E-4923-483A-BB7C-B9AEB115CDF9}.Debug|ARM.Deploy.0 = Debug|ARM
		{9E0F542E-4923-483A-BB7C-B9AEB115CDF9}.Debug|x64.ActiveCfg = Debug|Any CPU
		{9E0F542E-4923-483A-BB7C-B9AEB115CDF9}.Debug|x64.Build.0 = Debug|Any CPU
		{9E0F542E-4923-483A-BB7C-B9AEB115CDF9}.Debug|x64.Deploy.0 = Debug|Any CPU
		{9E0F542E-4923-483A-BB7C-B9AEB115CDF9}.Debug|x86.ActiveCfg = Debug|x86
		{9E0F542E-4923-483A-BB7C-B9AEB115CDF9}.Debug|x86.Build.0 = Debug|x86
		{9E0F542E-4923-483A-BB7C-B9AEB115CDF9}.Debug|x86.Deploy.0 = Debug|x86
		{9E0F542E-4923-483A-BB7C-B9AEB115CDF9}.Release|Any CPU.ActiveCfg = Release|Any CPU
		{9E0F542E-4923-483A-BB7C-B9AEB115CDF9}.Release|Any CPU.Build.0 = Release|Any CPU
		{9E0F542E-4923-483A-BB7C-B9AEB115CDF9}.Release|Any CPU.Deploy.0 = Release|Any CPU
		{9E0F542E-4923-483A-BB7C-B9AEB115CDF9}.Release|ARM.ActiveCfg = Release|ARM
		{9E0F542E-4923-483A-BB7C-B9AEB115CDF9}.Release|ARM.Build.0 = Release|ARM
		{9E0F542E-4923-483A-BB7C-B9AEB115CDF9}.Release|ARM.Deploy.0 = Release|ARM
		{9E0F542E-4923-483A-BB7C-B9AEB115CDF9}.Release|x64.ActiveCfg = Release|Any CPU
		{9E0F542E-4923-483A-BB7C-B9AEB115CDF9}.Release|x64.Build.0 = Release|Any CPU
		{9E0F542E-4923-483A-BB7C-B9AEB115CDF9}.Release|x64.Deploy.0 = Release|Any CPU
		{9E0F542E-4923-483A-BB7C-B9AEB115CDF9}.Release|x86.ActiveCfg = Release|x86
		{9E0F542E-4923-483A-BB7C-B9AEB115CDF9}.Release|x86.Build.0 = Release|x86
		{9E0F542E-4923-483A-BB7C-B9AEB115CDF9}.Release|x86.Deploy.0 = Release|x86
	EndGlobalSection
	GlobalSection(SolutionProperties) = preSolution
		HideSolutionNode = FALSE
	EndGlobalSection
EndGlobal
